
Microsoft Visual Studio Solution File, Format Version 12.00
Project("{2150E333-8FDC-42A3-9474-1A3956D46DE8}") = "src", "src", "{CCCBE479-EF9A-48AF-B6FF-D91325D04E89}"
EndProject
Project("{FAE04EC0-301F-11D3-BF4B-00C04F79EFBC}") = "Web", "src\Web\Web.csproj", "{481BEC29-9C6B-4DAE-BDE7-D4D3FD4A19C1}"
EndProject
Project("{FAE04EC0-301F-11D3-BF4B-00C04F79EFBC}") = "Domain", "src\Domain\Domain.csproj", "{F1A33792-AB70-461C-A968-0E9CF5D4D24A}"
EndProject
Project("{2150E333-8FDC-42A3-9474-1A3956D46DE8}") = "tests", "tests", "{BAD23E51-C3E3-4A65-91A1-FC97017C0EBE}"
EndProject
Project("{FAE04EC0-301F-11D3-BF4B-00C04F79EFBC}") = "Domain.UnitTests", "tests\Domain.UnitTests\Domain.UnitTests.csproj", "{4C96E371-9437-4940-AD5D-78D380672660}"
EndProject
Project("{FAE04EC0-301F-11D3-BF4B-00C04F79EFBC}") = "Application", "src\Application\Application.csproj", "{AB160010-8FFF-4E4B-9C9E-049BB57AD6A7}"
EndProject
Project("{FAE04EC0-301F-11D3-BF4B-00C04F79EFBC}") = "Application.UnitTests", "tests\Application.UnitTests\Application.UnitTests.csproj", "{F1640B6F-0748-4DB1-98E8-F06B6D282FA7}"
EndProject
Project("{FAE04EC0-301F-11D3-BF4B-00C04F79EFBC}") = "Infrastructure", "src\Infrastructure\Infrastructure.csproj", "{575A188A-01CC-4050-8196-6F2DB1285A85}"
EndProject
Project("{FAE04EC0-301F-11D3-BF4B-00C04F79EFBC}") = "Infrastructure.IntegrationTests", "tests\Infrastructure.IntegrationTests\Infrastructure.IntegrationTests.csproj", "{FCAC0AFF-F5F2-475D-8087-933B8216FDE7}"
EndProject
Project("{FAE04EC0-301F-11D3-BF4B-00C04F79EFBC}") = "Web.AcceptanceTests", "tests\Web.AcceptanceTests\Web.AcceptanceTests.csproj", "{7594D7BD-245B-495D-824B-23FA2A349E9F}"
EndProject
Global
	GlobalSection(SolutionConfigurationPlatforms) = preSolution
		Debug|Any CPU = Debug|Any CPU
		Release|Any CPU = Release|Any CPU
	EndGlobalSection
	GlobalSection(ProjectConfigurationPlatforms) = postSolution
		{481BEC29-9C6B-4DAE-BDE7-D4D3FD4A19C1}.Debug|Any CPU.ActiveCfg = Debug|Any CPU
		{481BEC29-9C6B-4DAE-BDE7-D4D3FD4A19C1}.Debug|Any CPU.Build.0 = Debug|Any CPU
		{481BEC29-9C6B-4DAE-BDE7-D4D3FD4A19C1}.Release|Any CPU.ActiveCfg = Release|Any CPU
		{481BEC29-9C6B-4DAE-BDE7-D4D3FD4A19C1}.Release|Any CPU.Build.0 = Release|Any CPU
		{F1A33792-AB70-461C-A968-0E9CF5D4D24A}.Debug|Any CPU.ActiveCfg = Debug|Any CPU
		{F1A33792-AB70-461C-A968-0E9CF5D4D24A}.Debug|Any CPU.Build.0 = Debug|Any CPU
		{F1A33792-AB70-461C-A968-0E9CF5D4D24A}.Release|Any CPU.ActiveCfg = Release|Any CPU
		{F1A33792-AB70-461C-A968-0E9CF5D4D24A}.Release|Any CPU.Build.0 = Release|Any CPU
		{4C96E371-9437-4940-AD5D-78D380672660}.Debug|Any CPU.ActiveCfg = Debug|Any CPU
		{4C96E371-9437-4940-AD5D-78D380672660}.Debug|Any CPU.Build.0 = Debug|Any CPU
		{4C96E371-9437-4940-AD5D-78D380672660}.Release|Any CPU.ActiveCfg = Release|Any CPU
		{4C96E371-9437-4940-AD5D-78D380672660}.Release|Any CPU.Build.0 = Release|Any CPU
		{AB160010-8FFF-4E4B-9C9E-049BB57AD6A7}.Debug|Any CPU.ActiveCfg = Debug|Any CPU
		{AB160010-8FFF-4E4B-9C9E-049BB57AD6A7}.Debug|Any CPU.Build.0 = Debug|Any CPU
		{AB160010-8FFF-4E4B-9C9E-049BB57AD6A7}.Release|Any CPU.ActiveCfg = Release|Any CPU
		{AB160010-8FFF-4E4B-9C9E-049BB57AD6A7}.Release|Any CPU.Build.0 = Release|Any CPU
		{F1640B6F-0748-4DB1-98E8-F06B6D282FA7}.Debug|Any CPU.ActiveCfg = Debug|Any CPU
		{F1640B6F-0748-4DB1-98E8-F06B6D282FA7}.Debug|Any CPU.Build.0 = Debug|Any CPU
		{F1640B6F-0748-4DB1-98E8-F06B6D282FA7}.Release|Any CPU.ActiveCfg = Release|Any CPU
		{F1640B6F-0748-4DB1-98E8-F06B6D282FA7}.Release|Any CPU.Build.0 = Release|Any CPU
		{575A188A-01CC-4050-8196-6F2DB1285A85}.Debug|Any CPU.ActiveCfg = Debug|Any CPU
		{575A188A-01CC-4050-8196-6F2DB1285A85}.Debug|Any CPU.Build.0 = Debug|Any CPU
		{575A188A-01CC-4050-8196-6F2DB1285A85}.Release|Any CPU.ActiveCfg = Release|Any CPU
		{575A188A-01CC-4050-8196-6F2DB1285A85}.Release|Any CPU.Build.0 = Release|Any CPU
		{FCAC0AFF-F5F2-475D-8087-933B8216FDE7}.Debug|Any CPU.ActiveCfg = Debug|Any CPU
		{FCAC0AFF-F5F2-475D-8087-933B8216FDE7}.Debug|Any CPU.Build.0 = Debug|Any CPU
		{FCAC0AFF-F5F2-475D-8087-933B8216FDE7}.Release|Any CPU.ActiveCfg = Release|Any CPU
		{FCAC0AFF-F5F2-475D-8087-933B8216FDE7}.Release|Any CPU.Build.0 = Release|Any CPU
		{7594D7BD-245B-495D-824B-23FA2A349E9F}.Debug|Any CPU.ActiveCfg = Debug|Any CPU
		{7594D7BD-245B-495D-824B-23FA2A349E9F}.Debug|Any CPU.Build.0 = Debug|Any CPU
		{7594D7BD-245B-495D-824B-23FA2A349E9F}.Release|Any CPU.ActiveCfg = Release|Any CPU
		{7594D7BD-245B-495D-824B-23FA2A349E9F}.Release|Any CPU.Build.0 = Release|Any CPU
	EndGlobalSection
	GlobalSection(NestedProjects) = preSolution
		{481BEC29-9C6B-4DAE-BDE7-D4D3FD4A19C1} = {CCCBE479-EF9A-48AF-B6FF-D91325D04E89}
		{F1A33792-AB70-461C-A968-0E9CF5D4D24A} = {CCCBE479-EF9A-48AF-B6FF-D91325D04E89}
		{4C96E371-9437-4940-AD5D-78D380672660} = {BAD23E51-C3E3-4A65-91A1-FC97017C0EBE}
		{AB160010-8FFF-4E4B-9C9E-049BB57AD6A7} = {CCCBE479-EF9A-48AF-B6FF-D91325D04E89}
		{F1640B6F-0748-4DB1-98E8-F06B6D282FA7} = {BAD23E51-C3E3-4A65-91A1-FC97017C0EBE}
		{575A188A-01CC-4050-8196-6F2DB1285A85} = {CCCBE479-EF9A-48AF-B6FF-D91325D04E89}
		{FCAC0AFF-F5F2-475D-8087-933B8216FDE7} = {BAD23E51-C3E3-4A65-91A1-FC97017C0EBE}
		{7594D7BD-245B-495D-824B-23FA2A349E9F} = {BAD23E51-C3E3-4A65-91A1-FC97017C0EBE}
	EndGlobalSection
EndGlobal
